
Microsoft Visual Studio Solution File, Format Version 12.00
# Visual Studio Version 17
VisualStudioVersion = 17.7.34202.233
MinimumVisualStudioVersion = 10.0.40219.1
Project("{FAE04EC0-301F-11D3-BF4B-00C04F79EFBC}") = "Recuperatorio1", "Recuperatorio1\Recuperatorio1.csproj", "{5EF7506D-ABB9-41FD-8B8F-80406431A568}"
EndProject
Global
	GlobalSection(SolutionConfigurationPlatforms) = preSolution
		Debug|Any CPU = Debug|Any CPU
		Release|Any CPU = Release|Any CPU
	EndGlobalSection
	GlobalSection(ProjectConfigurationPlatforms) = postSolution
		{5EF7506D-ABB9-41FD-8B8F-80406431A568}.Debug|Any CPU.ActiveCfg = Debug|Any CPU
		{5EF7506D-ABB9-41FD-8B8F-80406431A568}.Debug|Any CPU.Build.0 = Debug|Any CPU
		{5EF7506D-ABB9-41FD-8B8F-80406431A568}.Release|Any CPU.ActiveCfg = Release|Any CPU
		{5EF7506D-ABB9-41FD-8B8F-80406431A568}.Release|Any CPU.Build.0 = Release|Any CPU
	EndGlobalSection
	GlobalSection(SolutionProperties) = preSolution
		HideSolutionNode = FALSE
	EndGlobalSection
	GlobalSection(ExtensibilityGlobals) = postSolution
		SolutionGuid = {B6E1C487-9A39-4BBD-A664-EFB54AAE6C4C}
	EndGlobalSection
EndGlobal
